{
  "name": "web",
  "version": "0.1.0",
  "lockfileVersion": 3,
  "requires": true,
  "packages": {
    "": {
      "name": "web",
      "version": "0.1.0",
      "dependencies": {
        "@supabase/supabase-js": "^2.102.1",
        "@tanstack/react-virtual": "^3.13.23",
        "framer-motion": "^11.0.0",
        "geist": "^1.7.0",
        "lenis": "^1.1.0",
        "lucide-react": "^1.7.0",
        "next": "^15.5.15",
        "react": "^18",
        "react-dom": "^18",
        "reactflow": "^11.11.4"
      },
      "devDependencies": {
        "@ast-grep/napi-linux-x64-gnu": "0.40.5",
        "@opennextjs/cloudflare": "^1.19.0",
        "@types/node": "^20",
        "@types/react": "^18",
        "@types/react-dom": "^18",
        "concurrently": "^9.2.1",
        "eslint": "^8",
        "eslint-config-next": "^15.5.15",
        "png-to-ico": "^2.1.8",
        "postcss": "^8",
        "sharp": "^0.33.5",
        "tailwindcss": "^3.4.1",
        "typescript": "^5",
        "wrangler": "^4.81.1"
      }
    },
    "node_modules/@ast-grep/napi-linux-x64-gnu": {
      "version": "0.40.5",
      "resolved": "https://registry.npmjs.org/@ast-grep/napi-linux-x64-gnu/-/napi-linux-x64-gnu-0.40.5.tgz",
      "integrity": "sha512-DP4oDbqF/1A2hRTFLhJfDFR6aI5mRWdEfKfHzRItmlKsR9WlcEl1qDJs/zX9R2EEtIDsSKRzuJNfJllY3/W8Q==",
      "cpu": ["x64"],
      "dev": true,
      "license": "MIT",
      "optional": true,
      "os": ["linux"],
      "engines": {"node": ">= 10"}
    }
  }
}